
Microsoft Visual Studio Solution File, Format Version 12.00
# Visual Studio Version 16
VisualStudioVersion = 16.0.29920.165
MinimumVisualStudioVersion = 10.0.40219.1
Project("{FAE04EC0-301F-11D3-BF4B-00C04F79EFBC}") = "RemoteSystemAuditor", "RemoteSystemAuditor\RemoteSystemAuditor.csproj", "{9578A849-95AB-4A37-8066-A5FEC492A89E}"
EndProject
Global
	GlobalSection(SolutionConfigurationPlatforms) = preSolution
		Debug|Any CPU = Debug|Any CPU
		Release|Any CPU = Release|Any CPU
	EndGlobalSection
	GlobalSection(ProjectConfigurationPlatforms) = postSolution
		{9578A849-95AB-4A37-8066-A5FEC492A89E}.Debug|Any CPU.ActiveCfg = Debug|Any CPU
		{9578A849-95AB-4A37-8066-A5FEC492A89E}.Debug|Any CPU.Build.0 = Debug|Any CPU
		{9578A849-95AB-4A37-8066-A5FEC492A89E}.Release|Any CPU.ActiveCfg = Release|Any CPU
		{9578A849-95AB-4A37-8066-A5FEC492A89E}.Release|Any CPU.Build.0 = Release|Any CPU
	EndGlobalSection
	GlobalSection(SolutionProperties) = preSolution
		HideSolutionNode = FALSE
	EndGlobalSection
	GlobalSection(ExtensibilityGlobals) = postSolution
		SolutionGuid = {49DBA9BD-9413-40F7-8B2C-8386A33FFBDF}
	EndGlobalSection
EndGlobal
